{
    "name": "preact-starter",
    "version": "0.0.1",
    "lockfileVersion": 1,
    "requires": true,
    "dependencies": {
        "esbuild": {
            "version": "0.11.17",
            "resolved": "https://registry.npmjs.org/esbuild/-/esbuild-0.11.17.tgz",
            "integrity": "sha512-Yj+rQATpLLU36ymg0/laLXn9FUoiGUl7mDPUJ0toQ5nXKFrj/rmIEkQ34T1GeiV2cP2SrT0G0s7xiNuDcsIyBg==",
            "dev": true
        },
        "preact": {
            "version": "10.5.13",
            "resolved": "https://registry.npmjs.org/preact/-/preact-10.5.13.tgz",
            "integrity": "sha512-q/vlKIGNwzTLu+jCcvywgGrt+H/1P/oIRSD6mV4ln3hmlC+Aa34C7yfPI4+5bzW8pONyVXYS7SvXosy2dKKtWQ=="
        },
        "wouter": {
            "version": "2.7.4",
            "resolved": "https://registry.npmjs.org/wouter/-/wouter-2.7.4.tgz",
            "integrity": "sha512-shJIsHR+gcn69L2zR+0eKquOvAcjfIEdhzf8iAP502DlrAwg5lO2Q90DqIvXryNz/mk1fe2crTB40ZHXjoF1Bg=="
        }
    }
}
